// !$*UTF8*$!
{
	archiveVersion = 1;
	classes = {
	};
	objectVersion = 46;
	objects = {

/* Begin PBXBuildFile section */
		5FAF62541E23C02700A2FBA4 /* AppDelegate.swift in Sources */ = {isa = PBXBuildFile; fileRef = 5FAF62531E23C02700A2FBA4 /* AppDelegate.swift */; };
		5FAF625B1E23C02700A2FBA4 /* Assets.xcassets in Resources */ = {isa = PBXBuildFile; fileRef = 5FAF625A1E23C02700A2FBA4 /* Assets.xcassets */; };
		5FAF625E1E23C02700A2FBA4 /* LaunchScreen.storyboard in Resources */ = {isa = PBXBuildFile; fileRef = 5FAF625C1E23C02700A2FBA4 /* LaunchScreen.storyboard */; };
		5FAF62691E23C02700A2FBA4 /* eggplant_brownieTests.swift in Sources */ = {isa = PBXBuildFile; fileRef = 5FAF62681E23C02700A2FBA4 /* eggplant_brownieTests.swift */; };
		5FAF62741E23C02700A2FBA4 /* eggplant_brownieUITests.swift in Sources */ = {isa = PBXBuildFile; fileRef = 5FAF62731E23C02700A2FBA4 /* eggplant_brownieUITests.swift */; };
		5FAF628A1E2409B400A2FBA4 /* Meal.swift in Sources */ = {isa = PBXBuildFile; fileRef = 5FAF62891E2409B400A2FBA4 /* Meal.swift */; };
		5FAF628C1E2409FE00A2FBA4 /* Item.swift in Sources */ = {isa = PBXBuildFile; fileRef = 5FAF628B1E2409FE00A2FBA4 /* Item.swift */; };
		5FAF628F1E240B5E00A2FBA4 /* ViewController.swift in Sources */ = {isa = PBXBuildFile; fileRef = 5FAF628E1E240B5E00A2FBA4 /* ViewController.swift */; };
		5FAF62911E240C2100A2FBA4 /* Main.storyboard in Resources */ = {isa = PBXBuildFile; fileRef = 5FAF62901E240C2100A2FBA4 /* Main.storyboard */; };
/* End PBXBuildFile section */

/* Begin PBXContainerItemProxy section */
		5FAF62651E23C02700A2FBA4 /* PBXContainerItemProxy */ = {
			isa = PBXContainerItemProxy;
			containerPortal = 5FAF62481E23C02600A2FBA4 /* Project object */;
			proxyType = 1;
			remoteGlobalIDString = 5FAF624F1E23C02600A2FBA4;
			remoteInfo = "eggplant-brownie";
		};
		5FAF62701E23C02700A2FBA4 /* PBXContainerItemProxy */ = {
			isa = PBXContainerItemProxy;
			containerPortal = 5FAF62481E23C02600A2FBA4 /* Project object */;
			proxyType = 1;
			remoteGlobalIDString = 5FAF624F1E23C02600A2FBA4;
			remoteInfo = "eggplant-brownie";
		};
/* End PBXContainerItemProxy section */

/* Begin PBXFileReference section */
		5FAF62501E23C02700A2FBA4 /* eggplant-brownie.app */ = {isa = PBXFileReference; explicitFileType = wrapper.application; includeInIndex = 0; path = "eggplant-brownie.app"; sourceTree = BUILT_PRODUCTS_DIR; };
		5FAF62531E23C02700A2FBA4 /* AppDelegate.swift */ = {isa = PBXFileReference; lastKnownFileType = sourcecode.swift; path = AppDelegate.swift; sourceTree = "<group>"; };
		5FAF625A1E23C02700A2FBA4 /* Assets.xcassets */ = {isa = PBXFileReference; lastKnownFileType = folder.assetcatalog; path = Assets.xcassets; sourceTree = "<group>"; };
		5FAF625D1E23C02700A2FBA4 /* Base */ = {isa = PBXFileReference; lastKnownFileType = file.storyboard; name = Base; path = Base.lproj/LaunchScreen.storyboard; sourceTree = "<group>"; };
		5FAF625F1E23C02700A2FBA4 /* Info.plist */ = {isa = PBXFileReference; lastKnownFileType = text.plist.xml; path = Info.plist; sourceTree = "<group>"; };
		5FAF62641E23C02700A2FBA4 /* eggplant-brownieTests.xctest */ = {isa = PBXFileReference; explicitFileType = wrapper.cfbundle; includeInIndex = 0; path = "eggplant-brownieTests.xctest"; sourceTree = BUILT_PRODUCTS_DIR; };
		5FAF62681E23C02700A2FBA4 /* eggplant_brownieTests.swift */ = {isa = PBXFileReference; lastKnownFileType = sourcecode.swift; path = eggplant_brownieTests.swift; sourceTree = "<group>"; };
		5FAF626A1E23C02700A2FBA4 /* Info.plist */ = {isa = PBXFileReference; lastKnownFileType = text.plist.xml; path = Info.plist; sourceTree = "<group>"; };
		5FAF626F1E23C02700A2FBA4 /* eggplant-brownieUITests.xctest */ = {isa = PBXFileReference; explicitFileType = wrapper.cfbundle; includeInIndex = 0; path = "eggplant-brownieUITests.xctest"; sourceTree = BUILT_PRODUCTS_DIR; };
		5FAF62731E23C02700A2FBA4 /* eggplant_brownieUITests.swift */ = {isa = PBXFileReference; lastKnownFileType = sourcecode.swift; path = eggplant_brownieUITests.swift; sourceTree = "<group>"; };
		5FAF62751E23C02700A2FBA4 /* Info.plist */ = {isa = PBXFileReference; lastKnownFileType = text.plist.xml; path = Info.plist; sourceTree = "<group>"; };
		5FAF62891E2409B400A2FBA4 /* Meal.swift */ = {isa = PBXFileReference; fileEncoding = 4; lastKnownFileType = sourcecode.swift; path = Meal.swift; sourceTree = "<group>"; };
		5FAF628B1E2409FE00A2FBA4 /* Item.swift */ = {isa = PBXFileReference; fileEncoding = 4; lastKnownFileType = sourcecode.swift; path = Item.swift; sourceTree = "<group>"; };
		5FAF628E1E240B5E00A2FBA4 /* ViewController.swift */ = {isa = PBXFileReference; fileEncoding = 4; lastKnownFileType = sourcecode.swift; path = ViewController.swift; sourceTree = "<group>"; };
		5FAF62901E240C2100A2FBA4 /* Main.storyboard */ = {isa = PBXFileReference; fileEncoding = 4; lastKnownFileType = file.storyboard; path = Main.storyboard; sourceTree = "<group>"; };
/* End PBXFileReference section */

/* Begin PBXFrameworksBuildPhase section */
		5FAF624D1E23C02600A2FBA4 /* Frameworks */ = {
			isa = PBXFrameworksBuildPhase;
			buildActionMask = 2147483647;
			files = (
			);
			runOnlyForDeploymentPostprocessing = 0;
		};
		5FAF62611E23C02700A2FBA4 /* Frameworks */ = {
			isa = PBXFrameworksBuildPhase;
			buildActionMask = 2147483647;
			files = (
			);
			runOnlyForDeploymentPostprocessing = 0;
		};
		5FAF626C1E23C02700A2FBA4 /* Frameworks */ = {
			isa = PBXFrameworksBuildPhase;
			buildActionMask = 2147483647;
			files = (
			);
			runOnlyForDeploymentPostprocessing = 0;
		};
/* End PBXFrameworksBuildPhase section */

/* Begin PBXGroup section */
		5FAF62471E23C02600A2FBA4 = {
			isa = PBXGroup;
			children = (
				5FAF62521E23C02700A2FBA4 /* eggplant-brownie */,
				5FAF62671E23C02700A2FBA4 /* eggplant-brownieTests */,
				5FAF62721E23C02700A2FBA4 /* eggplant-brownieUITests */,
				5FAF62511E23C02700A2FBA4 /* Products */,
			);
			sourceTree = "<group>";
		};
		5FAF62511E23C02700A2FBA4 /* Products */ = {
			isa = PBXGroup;
			children = (
				5FAF62501E23C02700A2FBA4 /* eggplant-brownie.app */,
				5FAF62641E23C02700A2FBA4 /* eggplant-brownieTests.xctest */,
				5FAF626F1E23C02700A2FBA4 /* eggplant-brownieUITests.xctest */,
			);
			name = Products;
			sourceTree = "<group>";
		};
		5FAF62521E23C02700A2FBA4 /* eggplant-brownie */ = {
			isa = PBXGroup;
			children = (
				5FAF628D1E240B5E00A2FBA4 /* viewcontrollers */,
				5FAF62861E24098600A2FBA4 /* model */,
				5FAF62881E24098600A2FBA4 /* views */,
				5FAF62531E23C02700A2FBA4 /* AppDelegate.swift */,
				5FAF625A1E23C02700A2FBA4 /* Assets.xcassets */,
				5FAF625C1E23C02700A2FBA4 /* LaunchScreen.storyboard */,
				5FAF625F1E23C02700A2FBA4 /* Info.plist */,
			);
			path = "eggplant-brownie";
			sourceTree = "<group>";
		};
		5FAF62671E23C02700A2FBA4 /* eggplant-brownieTests */ = {
			isa = PBXGroup;
			children = (
				5FAF62681E23C02700A2FBA4 /* eggplant_brownieTests.swift */,
				5FAF626A1E23C02700A2FBA4 /* Info.plist */,
			);
			path = "eggplant-brownieTests";
			sourceTree = "<group>";
		};
		5FAF62721E23C02700A2FBA4 /* eggplant-brownieUITests */ = {
			isa = PBXGroup;
			children = (
				5FAF62731E23C02700A2FBA4 /* eggplant_brownieUITests.swift */,
				5FAF62751E23C02700A2FBA4 /* Info.plist */,
			);
			path = "eggplant-brownieUITests";
			sourceTree = "<group>";
		};
		5FAF62861E24098600A2FBA4 /* model */ = {
			isa = PBXGroup;
			children = (
				5FAF62891E2409B400A2FBA4 /* Meal.swift */,
				5FAF628B1E2409FE00A2FBA4 /* Item.swift */,
			);
			path = model;
			sourceTree = "<group>";
		};
		5FAF62881E24098600A2FBA4 /* views */ = {
			isa = PBXGroup;
			children = (
				5FAF62901E240C2100A2FBA4 /* Main.storyboard */,
			);
			path = views;
			sourceTree = "<group>";
		};
		5FAF628D1E240B5E00A2FBA4 /* viewcontrollers */ = {
			isa = PBXGroup;
			children = (
				5FAF628E1E240B5E00A2FBA4 /* ViewController.swift */,
			);
			path = viewcontrollers;
			sourceTree = "<group>";
		};
/* End PBXGroup section */

/* Begin PBXNativeTarget section */
		5FAF624F1E23C02600A2FBA4 /* eggplant-brownie */ = {
			isa = PBXNativeTarget;
			buildConfigurationList = 5FAF62781E23C02700A2FBA4 /* Build configuration list for PBXNativeTarget "eggplant-brownie" */;
			buildPhases = (
				5FAF624C1E23C02600A2FBA4 /* Sources */,
				5FAF624D1E23C02600A2FBA4 /* Frameworks */,
				5FAF624E1E23C02600A2FBA4 /* Resources */,
			);
			buildRules = (
			);
			dependencies = (
			);
			name = "eggplant-brownie";
			productName = "eggplant-brownie";
			productReference = 5FAF62501E23C02700A2FBA4 /* eggplant-brownie.app */;
			productType = "com.apple.product-type.application";
		};
		5FAF62631E23C02700A2FBA4 /* eggplant-brownieTests */ = {
			isa = PBXNativeTarget;
			buildConfigurationList = 5FAF627B1E23C02700A2FBA4 /* Build configuration list for PBXNativeTarget "eggplant-brownieTests" */;
			buildPhases = (
				5FAF62601E23C02700A2FBA4 /* Sources */,
				5FAF62611E23C02700A2FBA4 /* Frameworks */,
				5FAF62621E23C02700A2FBA4 /* Resources */,
			);
			buildRules = (
			);
			dependencies = (
				5FAF62661E23C02700A2FBA4 /* PBXTargetDependency */,
			);
			name = "eggplant-brownieTests";
			productName = "eggplant-brownieTests";
			productReference = 5FAF62641E23C02700A2FBA4 /* eggplant-brownieTests.xctest */;
			productType = "com.apple.product-type.bundle.unit-test";
		};
		5FAF626E1E23C02700A2FBA4 /* eggplant-brownieUITests */ = {
			isa = PBXNativeTarget;
			buildConfigurationList = 5FAF627E1E23C02700A2FBA4 /* Build configuration list for PBXNativeTarget "eggplant-brownieUITests" */;
			buildPhases = (
				5FAF626B1E23C02700A2FBA4 /* Sources */,
				5FAF626C1E23C02700A2FBA4 /* Frameworks */,
				5FAF626D1E23C02700A2FBA4 /* Resources */,
			);
			buildRules = (
			);
			dependencies = (
				5FAF62711E23C02700A2FBA4 /* PBXTargetDependency */,
			);
			name = "eggplant-brownieUITests";
			productName = "eggplant-brownieUITests";
			productReference = 5FAF626F1E23C02700A2FBA4 /* eggplant-brownieUITests.xctest */;
			productType = "com.apple.product-type.bundle.ui-testing";
		};
/* End PBXNativeTarget section */

/* Begin PBXProject section */
		5FAF62481E23C02600A2FBA4 /* Project object */ = {
			isa = PBXProject;
			attributes = {
				LastSwiftUpdateCheck = 0800;
				LastUpgradeCheck = 0800;
				ORGANIZATIONNAME = "Bruno Santiago";
				TargetAttributes = {
					5FAF624F1E23C02600A2FBA4 = {
						CreatedOnToolsVersion = 8.0;
						DevelopmentTeam = BZT8S4RQJS;
						ProvisioningStyle = Automatic;
					};
					5FAF62631E23C02700A2FBA4 = {
						CreatedOnToolsVersion = 8.0;
						ProvisioningStyle = Automatic;
						TestTargetID = 5FAF624F1E23C02600A2FBA4;
					};
					5FAF626E1E23C02700A2FBA4 = {
						CreatedOnToolsVersion = 8.0;
						ProvisioningStyle = Automatic;
						TestTargetID = 5FAF624F1E23C02600A2FBA4;
					};
				};
			};
			buildConfigurationList = 5FAF624B1E23C02600A2FBA4 /* Build configuration list for PBXProject "eggplant-brownie" */;
			compatibilityVersion = "Xcode 3.2";
			developmentRegion = English;
			hasScannedForEncodings = 0;
			knownRegions = (
				en,
				Base,
			);
			mainGroup = 5FAF62471E23C02600A2FBA4;
			productRefGroup = 5FAF62511E23C02700A2FBA4 /* Products */;
			projectDirPath = "";
			projectRoot = "";
			targets = (
				5FAF624F1E23C02600A2FBA4 /* eggplant-brownie */,
				5FAF62631E23C02700A2FBA4 /* eggplant-brownieTests */,
				5FAF626E1E23C02700A2FBA4 /* eggplant-brownieUITests */,
			);
		};
/* End PBXProject section */

/* Begin PBXResourcesBuildPhase section */
		5FAF624E1E23C02600A2FBA4 /* Resources */ = {
			isa = PBXResourcesBuildPhase;
			buildActionMask = 2147483647;
			files = (
				5FAF62911E240C2100A2FBA4 /* Main.storyboard in Resources */,
				5FAF625E1E23C02700A2FBA4 /* LaunchScreen.storyboard in Resources */,
				5FAF625B1E23C02700A2FBA4 /* Assets.xcassets in Resources */,
			);
			runOnlyForDeploymentPostprocessing = 0;
		};
		5FAF62621E23C02700A2FBA4 /* Resources */ = {
			isa = PBXResourcesBuildPhase;
			buildActionMask = 2147483647;
			files = (
			);
			runOnlyForDeploymentPostprocessing = 0;
		};
		5FAF626D1E23C02700A2FBA4 /* Resources */ = {
			isa = PBXResourcesBuildPhase;
			buildActionMask = 2147483647;
			files = (
			);
			runOnlyForDeploymentPostprocessing = 0;
		};
/* End PBXResourcesBuildPhase section */

/* Begin PBXSourcesBuildPhase section */
		5FAF624C1E23C02600A2FBA4 /* Sources */ = {
			isa = PBXSourcesBuildPhase;
			buildActionMask = 2147483647;
			files = (
				5FAF628C1E2409FE00A2FBA4 /* Item.swift in Sources */,
				5FAF628A1E2409B400A2FBA4 /* Meal.swift in Sources */,
				5FAF628F1E240B5E00A2FBA4 /* ViewController.swift in Sources */,
				5FAF62541E23C02700A2FBA4 /* AppDelegate.swift in Sources */,
			);
			runOnlyForDeploymentPostprocessing = 0;
		};
		5FAF62601E23C02700A2FBA4 /* Sources */ = {
			isa = PBXSourcesBuildPhase;
			buildActionMask = 2147483647;
			files = (
				5FAF62691E23C02700A2FBA4 /* eggplant_brownieTests.swift in Sources */,
			);
			runOnlyForDeploymentPostprocessing = 0;
		};
		5FAF626B1E23C02700A2FBA4 /* Sources */ = {
			isa = PBXSourcesBuildPhase;
			buildActionMask = 2147483647;
			files = (
				5FAF62741E23C02700A2FBA4 /* eggplant_brownieUITests.swift in Sources */,
			);
			runOnlyForDeploymentPostprocessing = 0;
		};
/* End PBXSourcesBuildPhase section */

/* Begin PBXTargetDependency section */
		5FAF62661E23C02700A2FBA4 /* PBXTargetDependency */ = {
			isa = PBXTargetDependency;
			target = 5FAF624F1E23C02600A2FBA4 /* eggplant-brownie */;
			targetProxy = 5FAF62651E23C02700A2FBA4 /* PBXContainerItemProxy */;
		};
		5FAF62711E23C02700A2FBA4 /* PBXTargetDependency */ = {
			isa = PBXTargetDependency;
			target = 5FAF624F1E23C02600A2FBA4 /* eggplant-brownie */;
			targetProxy = 5FAF62701E23C02700A2FBA4 /* PBXContainerItemProxy */;
		};
/* End PBXTargetDependency section */

/* Begin PBXVariantGroup section */
		5FAF625C1E23C02700A2FBA4 /* LaunchScreen.storyboard */ = {
			isa = PBXVariantGroup;
			children = (
				5FAF625D1E23C02700A2FBA4 /* Base */,
			);
			name = LaunchScreen.storyboard;
			sourceTree = "<group>";
		};
/* End PBXVariantGroup section */

/* Begin XCBuildConfiguration section */
		5FAF62761E23C02700A2FBA4 /* Debug */ = {
			isa = XCBuildConfiguration;
			buildSettings = {
				ALWAYS_SEARCH_USER_PATHS = NO;
				CLANG_ANALYZER_NONNULL = YES;
				CLANG_CXX_LANGUAGE_STANDARD = "gnu++0x";
				CLANG_CXX_LIBRARY = "libc++";
				CLANG_ENABLE_MODULES = YES;
				CLANG_ENABLE_OBJC_ARC = YES;
				CLANG_WARN_BOOL_CONVERSION = YES;
				CLANG_WARN_CONSTANT_CONVERSION = YES;
				CLANG_WARN_DIRECT_OBJC_ISA_USAGE = YES_ERROR;
				CLANG_WARN_DOCUMENTATION_COMMENTS = YES;
				CLANG_WARN_EMPTY_BODY = YES;
				CLANG_WARN_ENUM_CONVERSION = YES;
				CLANG_WARN_INFINITE_RECURSION = YES;
				CLANG_WARN_INT_CONVERSION = YES;
				CLANG_WARN_OBJC_ROOT_CLASS = YES_ERROR;
				CLANG_WARN_SUSPICIOUS_MOVES = YES;
				CLANG_WARN_UNREACHABLE_CODE = YES;
				CLANG_WARN__DUPLICATE_METHOD_MATCH = YES;
				"CODE_SIGN_IDENTITY[sdk=iphoneos*]" = "iPhone Developer";
				COPY_PHASE_STRIP = NO;
				DEBUG_INFORMATION_FORMAT = dwarf;
				ENABLE_STRICT_OBJC_MSGSEND = YES;
				ENABLE_TESTABILITY = YES;
				GCC_C_LANGUAGE_STANDARD = gnu99;
				GCC_DYNAMIC_NO_PIC = NO;
				GCC_NO_COMMON_BLOCKS = YES;
				GCC_OPTIMIZATION_LEVEL = 0;
				GCC_PREPROCESSOR_DEFINITIONS = (
					"DEBUG=1",
					"$(inherited)",
				);
				GCC_WARN_64_TO_32_BIT_CONVERSION = YES;
				GCC_WARN_ABOUT_RETURN_TYPE = YES_ERROR;
				GCC_WARN_UNDECLARED_SELECTOR = YES;
				GCC_WARN_UNINITIALIZED_AUTOS = YES_AGGRESSIVE;
				GCC_WARN_UNUSED_FUNCTION = YES;
				GCC_WARN_UNUSED_VARIABLE = YES;
				IPHONEOS_DEPLOYMENT_TARGET = 10.0;
				MTL_ENABLE_DEBUG_INFO = YES;
				ONLY_ACTIVE_ARCH = YES;
				SDKROOT = iphoneos;
				SWIFT_ACTIVE_COMPILATION_CONDITIONS = DEBUG;
				SWIFT_OPTIMIZATION_LEVEL = "-Onone";
			};
			name = Debug;
		};
		5FAF62771E23C02700A2FBA4 /* Release */ = {
			isa = XCBuildConfiguration;
			buildSettings = {
				ALWAYS_SEARCH_USER_PATHS = NO;
				CLANG_ANALYZER_NONNULL = YES;
				CLANG_CXX_LANGUAGE_STANDARD = "gnu++0x";
				CLANG_CXX_LIBRARY = "libc++";
				CLANG_ENABLE_MODULES = YES;
				CLANG_ENABLE_OBJC_ARC = YES;
				CLANG_WARN_BOOL_CONVERSION = YES;
				CLANG_WARN_CONSTANT_CONVERSION = YES;
				CLANG_WARN_DIRECT_OBJC_ISA_USAGE = YES_ERROR;
				CLANG_WARN_DOCUMENTATION_COMMENTS = YES;
				CLANG_WARN_EMPTY_BODY = YES;
				CLANG_WARN_ENUM_CONVERSION = YES;
				CLANG_WARN_INFINITE_RECURSION = YES;
				CLANG_WARN_INT_CONVERSION = YES;
				CLANG_WARN_OBJC_ROOT_CLASS = YES_ERROR;
				CLANG_WARN_SUSPICIOUS_MOVES = YES;
				CLANG_WARN_UNREACHABLE_CODE = YES;
				CLANG_WARN__DUPLICATE_METHOD_MATCH = YES;
				"CODE_SIGN_IDENTITY[sdk=iphoneos*]" = "iPhone Developer";
				COPY_PHASE_STRIP = NO;
				DEBUG_INFORMATION_FORMAT = "dwarf-with-dsym";
				ENABLE_NS_ASSERTIONS = NO;
				ENABLE_STRICT_OBJC_MSGSEND = YES;
				GCC_C_LANGUAGE_STANDARD = gnu99;
				GCC_NO_COMMON_BLOCKS = YES;
				GCC_WARN_64_TO_32_BIT_CONVERSION = YES;
				GCC_WARN_ABOUT_RETURN_TYPE = YES_ERROR;
				GCC_WARN_UNDECLARED_SELECTOR = YES;
				GCC_WARN_UNINITIALIZED_AUTOS = YES_AGGRESSIVE;
				GCC_WARN_UNUSED_FUNCTION = YES;
				GCC_WARN_UNUSED_VARIABLE = YES;
				IPHONEOS_DEPLOYMENT_TARGET = 10.0;
				MTL_ENABLE_DEBUG_INFO = NO;
				SDKROOT = iphoneos;
				SWIFT_OPTIMIZATION_LEVEL = "-Owholemodule";
				VALIDATE_PRODUCT = YES;
			};
			name = Release;
		};
		5FAF62791E23C02700A2FBA4 /* Debug */ = {
			isa = XCBuildConfiguration;
			buildSettings = {
				ASSETCATALOG_COMPILER_APPICON_NAME = AppIcon;
				DEVELOPMENT_TEAM = BZT8S4RQJS;
				INFOPLIST_FILE = "eggplant-brownie/Info.plist";
				LD_RUNPATH_SEARCH_PATHS = "$(inherited) @executable_path/Frameworks";
				PRODUCT_BUNDLE_IDENTIFIER = "br.com.brsantiago.eggplant-brownie";
				PRODUCT_NAME = "$(TARGET_NAME)";
				SWIFT_VERSION = 3.0;
			};
			name = Debug;
		};
		5FAF627A1E23C02700A2FBA4 /* Release */ = {
			isa = XCBuildConfiguration;
			buildSettings = {
				ASSETCATALOG_COMPILER_APPICON_NAME = AppIcon;
				DEVELOPMENT_TEAM = BZT8S4RQJS;
				INFOPLIST_FILE = "eggplant-brownie/Info.plist";
				LD_RUNPATH_SEARCH_PATHS = "$(inherited) @executable_path/Frameworks";
				PRODUCT_BUNDLE_IDENTIFIER = "br.com.brsantiago.eggplant-brownie";
				PRODUCT_NAME = "$(TARGET_NAME)";
				SWIFT_VERSION = 3.0;
			};
			name = Release;
		};
		5FAF627C1E23C02700A2FBA4 /* Debug */ = {
			isa = XCBuildConfiguration;
			buildSettings = {
				ALWAYS_EMBED_SWIFT_STANDARD_LIBRARIES = YES;
				BUNDLE_LOADER = "$(TEST_HOST)";
				INFOPLIST_FILE = "eggplant-brownieTests/Info.plist";
				LD_RUNPATH_SEARCH_PATHS = "$(inherited) @executable_path/Frameworks @loader_path/Frameworks";
				PRODUCT_BUNDLE_IDENTIFIER = "br.com.brsantiago.eggplant-brownieTests";
				PRODUCT_NAME = "$(TARGET_NAME)";
				SWIFT_VERSION = 3.0;
				TEST_HOST = "$(BUILT_PRODUCTS_DIR)/eggplant-brownie.app/eggplant-brownie";
			};
			name = Debug;
		};
		5FAF627D1E23C02700A2FBA4 /* Release */ = {
			isa = XCBuildConfiguration;
			buildSettings = {
				ALWAYS_EMBED_SWIFT_STANDARD_LIBRARIES = YES;
				BUNDLE_LOADER = "$(TEST_HOST)";
				INFOPLIST_FILE = "eggplant-brownieTests/Info.plist";
				LD_RUNPATH_SEARCH_PATHS = "$(inherited) @executable_path/Frameworks @loader_path/Frameworks";
				PRODUCT_BUNDLE_IDENTIFIER = "br.com.brsantiago.eggplant-brownieTests";
				PRODUCT_NAME = "$(TARGET_NAME)";
				SWIFT_VERSION = 3.0;
				TEST_HOST = "$(BUILT_PRODUCTS_DIR)/eggplant-brownie.app/eggplant-brownie";
			};
			name = Release;
		};
		5FAF627F1E23C02700A2FBA4 /* Debug */ = {
			isa = XCBuildConfiguration;
			buildSettings = {
				ALWAYS_EMBED_SWIFT_STANDARD_LIBRARIES = YES;
				INFOPLIST_FILE = "eggplant-brownieUITests/Info.plist";
				LD_RUNPATH_SEARCH_PATHS = "$(inherited) @executable_path/Frameworks @loader_path/Frameworks";
				PRODUCT_BUNDLE_IDENTIFIER = "br.com.brsantiago.eggplant-brownieUITests";
				PRODUCT_NAME = "$(TARGET_NAME)";
				SWIFT_VERSION = 3.0;
				TEST_TARGET_NAME = "eggplant-brownie";
			};
			name = Debug;
		};
		5FAF62801E23C02700A2FBA4 /* Release */ = {
			isa = XCBuildConfiguration;
			buildSettings = {
				ALWAYS_EMBED_SWIFT_STANDARD_LIBRARIES = YES;
				INFOPLIST_FILE = "eggplant-brownieUITests/Info.plist";
				LD_RUNPATH_SEARCH_PATHS = "$(inherited) @executable_path/Frameworks @loader_path/Frameworks";
				PRODUCT_BUNDLE_IDENTIFIER = "br.com.brsantiago.eggplant-brownieUITests";
				PRODUCT_NAME = "$(TARGET_NAME)";
				SWIFT_VERSION = 3.0;
				TEST_TARGET_NAME = "eggplant-brownie";
			};
			name = Release;
		};
/* End XCBuildConfiguration section */

/* Begin XCConfigurationList section */
		5FAF624B1E23C02600A2FBA4 /* Build configuration list for PBXProject "eggplant-brownie" */ = {
			isa = XCConfigurationList;
			buildConfigurations = (
				5FAF62761E23C02700A2FBA4 /* Debug */,
				5FAF62771E23C02700A2FBA4 /* Release */,
			);
			defaultConfigurationIsVisible = 0;
			defaultConfigurationName = Release;
		};
		5FAF62781E23C02700A2FBA4 /* Build configuration list for PBXNativeTarget "eggplant-brownie" */ = {
			isa = XCConfigurationList;
			buildConfigurations = (
				5FAF62791E23C02700A2FBA4 /* Debug */,
				5FAF627A1E23C02700A2FBA4 /* Release */,
			);
			defaultConfigurationIsVisible = 0;
		};
		5FAF627B1E23C02700A2FBA4 /* Build configuration list for PBXNativeTarget "eggplant-brownieTests" */ = {
			isa = XCConfigurationList;
			buildConfigurations = (
				5FAF627C1E23C02700A2FBA4 /* Debug */,
				5FAF627D1E23C02700A2FBA4 /* Release */,
			);
			defaultConfigurationIsVisible = 0;
		};
		5FAF627E1E23C02700A2FBA4 /* Build configuration list for PBXNativeTarget "eggplant-brownieUITests" */ = {
			isa = XCConfigurationList;
			buildConfigurations = (
				5FAF627F1E23C02700A2FBA4 /* Debug */,
				5FAF62801E23C02700A2FBA4 /* Release */,
			);
			defaultConfigurationIsVisible = 0;
		};
/* End XCConfigurationList section */
	};
	rootObject = 5FAF62481E23C02600A2FBA4 /* Project object */;
}
